
Microsoft Visual Studio Solution File, Format Version 12.00
# Visual Studio Version 17
VisualStudioVersion = 17.4.33213.308
MinimumVisualStudioVersion = 10.0.40219.1
Project("{9A19103F-16F7-4668-BE54-9A1E7A4F7556}") = "BlazorTooltips", "BlazorTooltips\BlazorTooltips.csproj", "{52563D97-7CF4-4374-9B91-59F368D36C8C}"
EndProject
Project("{2150E333-8FDC-42A3-9474-1A3956D46DE8}") = "Demos", "Demos", "{FECFF557-2B49-4885-9F0E-C34CB3822F1A}"
EndProject
Project("{9A19103F-16F7-4668-BE54-9A1E7A4F7556}") = "BlazorServerTooltipsTest", "BlazorServerTooltipsTest\BlazorServerTooltipsTest.csproj", "{549DB8E0-7C67-480C-ABC5-AC82B11EB0E9}"
EndProject
Project("{9A19103F-16F7-4668-BE54-9A1E7A4F7556}") = "BlazorWebAssemblyTooltipsTest", "BlazorWebAssemblyTooltipsTest\BlazorWebAssemblyTooltipsTest.csproj", "{5234359E-BDD9-4F34-B287-623E9B7F672D}"
EndProject
Project("{2150E333-8FDC-42A3-9474-1A3956D46DE8}") = "Projektmappenelemente", "Projektmappenelemente", "{F9C2AE1E-072B-4BAA-9477-1B52E53F1283}"
	ProjectSection(SolutionItems) = preProject
		license = license
		readme.md = readme.md
	EndProjectSection
EndProject
Global
	GlobalSection(SolutionConfigurationPlatforms) = preSolution
		Debug|Any CPU = Debug|Any CPU
		Release|Any CPU = Release|Any CPU
	EndGlobalSection
	GlobalSection(ProjectConfigurationPlatforms) = postSolution
		{52563D97-7CF4-4374-9B91-59F368D36C8C}.Debug|Any CPU.ActiveCfg = Debug|Any CPU
		{52563D97-7CF4-4374-9B91-59F368D36C8C}.Debug|Any CPU.Build.0 = Debug|Any CPU
		{52563D97-7CF4-4374-9B91-59F368D36C8C}.Release|Any CPU.ActiveCfg = Release|Any CPU
		{52563D97-7CF4-4374-9B91-59F368D36C8C}.Release|Any CPU.Build.0 = Release|Any CPU
		{549DB8E0-7C67-480C-ABC5-AC82B11EB0E9}.Debug|Any CPU.ActiveCfg = Debug|Any CPU
		{549DB8E0-7C67-480C-ABC5-AC82B11EB0E9}.Debug|Any CPU.Build.0 = Debug|Any CPU
		{549DB8E0-7C67-480C-ABC5-AC82B11EB0E9}.Release|Any CPU.ActiveCfg = Release|Any CPU
		{549DB8E0-7C67-480C-ABC5-AC82B11EB0E9}.Release|Any CPU.Build.0 = Release|Any CPU
		{5234359E-BDD9-4F34-B287-623E9B7F672D}.Debug|Any CPU.ActiveCfg = Debug|Any CPU
		{5234359E-BDD9-4F34-B287-623E9B7F672D}.Debug|Any CPU.Build.0 = Debug|Any CPU
		{5234359E-BDD9-4F34-B287-623E9B7F672D}.Release|Any CPU.ActiveCfg = Release|Any CPU
		{5234359E-BDD9-4F34-B287-623E9B7F672D}.Release|Any CPU.Build.0 = Release|Any CPU
	EndGlobalSection
	GlobalSection(SolutionProperties) = preSolution
		HideSolutionNode = FALSE
	EndGlobalSection
	GlobalSection(NestedProjects) = preSolution
		{549DB8E0-7C67-480C-ABC5-AC82B11EB0E9} = {FECFF557-2B49-4885-9F0E-C34CB3822F1A}
		{5234359E-BDD9-4F34-B287-623E9B7F672D} = {FECFF557-2B49-4885-9F0E-C34CB3822F1A}
	EndGlobalSection
	GlobalSection(ExtensibilityGlobals) = postSolution
		SolutionGuid = {8D57AD29-FE66-412E-94C8-E5CADB1FCD61}
	EndGlobalSection
EndGlobal
